
Microsoft Visual Studio Solution File, Format Version 12.00
# Visual Studio 2012
Project("{FAE04EC0-301F-11D3-BF4B-00C04F79EFBC}") = "SearchAutomation", "SearchAutomation\SearchAutomation.csproj", "{D0381855-6B23-4440-9557-FFB73A29709B}"
EndProject
Project("{FAE04EC0-301F-11D3-BF4B-00C04F79EFBC}") = "SearchAutomationHelper", "SearchAutomationHelper\SearchAutomationHelper.csproj", "{0867F540-E216-4CE1-B57D-E79D45E64A0F}"
EndProject
Global
	GlobalSection(SolutionConfigurationPlatforms) = preSolution
		Debug|Any CPU = Debug|Any CPU
		Release|Any CPU = Release|Any CPU
	EndGlobalSection
	GlobalSection(ProjectConfigurationPlatforms) = postSolution
		{D0381855-6B23-4440-9557-FFB73A29709B}.Debug|Any CPU.ActiveCfg = Debug|Any CPU
		{D0381855-6B23-4440-9557-FFB73A29709B}.Debug|Any CPU.Build.0 = Debug|Any CPU
		{D0381855-6B23-4440-9557-FFB73A29709B}.Release|Any CPU.ActiveCfg = Release|Any CPU
		{D0381855-6B23-4440-9557-FFB73A29709B}.Release|Any CPU.Build.0 = Release|Any CPU
		{0867F540-E216-4CE1-B57D-E79D45E64A0F}.Debug|Any CPU.ActiveCfg = Debug|Any CPU
		{0867F540-E216-4CE1-B57D-E79D45E64A0F}.Debug|Any CPU.Build.0 = Debug|Any CPU
		{0867F540-E216-4CE1-B57D-E79D45E64A0F}.Release|Any CPU.ActiveCfg = Release|Any CPU
		{0867F540-E216-4CE1-B57D-E79D45E64A0F}.Release|Any CPU.Build.0 = Release|Any CPU
	EndGlobalSection
	GlobalSection(SolutionProperties) = preSolution
		HideSolutionNode = FALSE
	EndGlobalSection
EndGlobal
